// !$*UTF8*$!
{
	archiveVersion = 1;
	classes = {
	};
	objectVersion = 46;
	objects = {

/* Begin PBXBuildFile section */
		644B41C61A4E77B000661111 /* libCorePlot-CocoaTouch.a in Frameworks */ = {isa = PBXBuildFile; fileRef = 644B41C51A4E77B000661111 /* libCorePlot-CocoaTouch.a */; };
		B114F5801A3EBC5B00A123A9 /* main.m in Sources */ = {isa = PBXBuildFile; fileRef = B114F57F1A3EBC5B00A123A9 /* main.m */; };
		B114F5831A3EBC5B00A123A9 /* AppDelegate.m in Sources */ = {isa = PBXBuildFile; fileRef = B114F5821A3EBC5B00A123A9 /* AppDelegate.m */; };
		B114F5861A3EBC5B00A123A9 /* FirstViewController.m in Sources */ = {isa = PBXBuildFile; fileRef = B114F5851A3EBC5B00A123A9 /* FirstViewController.m */; };
		B114F5891A3EBC5B00A123A9 /* SecondViewController.m in Sources */ = {isa = PBXBuildFile; fileRef = B114F5881A3EBC5B00A123A9 /* SecondViewController.m */; };
		B114F58C1A3EBC5B00A123A9 /* Main.storyboard in Resources */ = {isa = PBXBuildFile; fileRef = B114F58A1A3EBC5B00A123A9 /* Main.storyboard */; };
		B114F58E1A3EBC5B00A123A9 /* Images.xcassets in Resources */ = {isa = PBXBuildFile; fileRef = B114F58D1A3EBC5B00A123A9 /* Images.xcassets */; };
		B114F5911A3EBC5B00A123A9 /* LaunchScreen.xib in Resources */ = {isa = PBXBuildFile; fileRef = B114F58F1A3EBC5B00A123A9 /* LaunchScreen.xib */; };
		B114F59D1A3EBC5B00A123A9 /* smartWatchTests.m in Sources */ = {isa = PBXBuildFile; fileRef = B114F59C1A3EBC5B00A123A9 /* smartWatchTests.m */; };
		B114F5A71A3EBCC100A123A9 /* AVOSCloud.framework in Frameworks */ = {isa = PBXBuildFile; fileRef = B114F5A61A3EBCC100A123A9 /* AVOSCloud.framework */; };
		B114F5A91A3EBCCF00A123A9 /* CFNetwork.framework in Frameworks */ = {isa = PBXBuildFile; fileRef = B114F5A81A3EBCCF00A123A9 /* CFNetwork.framework */; };
		B114F5AB1A3EBCE400A123A9 /* SystemConfiguration.framework in Frameworks */ = {isa = PBXBuildFile; fileRef = B114F5AA1A3EBCE400A123A9 /* SystemConfiguration.framework */; };
		B114F5AD1A3EBCEC00A123A9 /* MobileCoreServices.framework in Frameworks */ = {isa = PBXBuildFile; fileRef = B114F5AC1A3EBCEC00A123A9 /* MobileCoreServices.framework */; };
		B114F5AF1A3EBCF400A123A9 /* CoreTelephony.framework in Frameworks */ = {isa = PBXBuildFile; fileRef = B114F5AE1A3EBCF400A123A9 /* CoreTelephony.framework */; };
		B114F5B11A3EBD5900A123A9 /* CoreLocation.framework in Frameworks */ = {isa = PBXBuildFile; fileRef = B114F5B01A3EBD5900A123A9 /* CoreLocation.framework */; };
		B114F5B31A3EBD5F00A123A9 /* libicucore.dylib in Frameworks */ = {isa = PBXBuildFile; fileRef = B114F5B21A3EBD5F00A123A9 /* libicucore.dylib */; };
		B1CD40581A4C024900A8CFA5 /* ConnectionManager.m in Sources */ = {isa = PBXBuildFile; fileRef = B1CD40571A4C024900A8CFA5 /* ConnectionManager.m */; };
		B1CD405B1A4C047100A8CFA5 /* CoreBluetooth.framework in Frameworks */ = {isa = PBXBuildFile; fileRef = B1CD405A1A4C047100A8CFA5 /* CoreBluetooth.framework */; };
		B1CD40611A4C04BA00A8CFA5 /* MBProgressHUD.m in Sources */ = {isa = PBXBuildFile; fileRef = B1CD405F1A4C04BA00A8CFA5 /* MBProgressHUD.m */; };
		B1CD40661A4C051600A8CFA5 /* UIColor+getColor.m in Sources */ = {isa = PBXBuildFile; fileRef = B1CD40651A4C051600A8CFA5 /* UIColor+getColor.m */; };
		B1CD406C1A4C056300A8CFA5 /* CommonNavigationController.m in Sources */ = {isa = PBXBuildFile; fileRef = B1CD40691A4C056300A8CFA5 /* CommonNavigationController.m */; };
		B1CD406D1A4C056300A8CFA5 /* CommonTabbarViewController.m in Sources */ = {isa = PBXBuildFile; fileRef = B1CD406B1A4C056300A8CFA5 /* CommonTabbarViewController.m */; };
		B1CD40751A4C05CE00A8CFA5 /* colorSetObject.m in Sources */ = {isa = PBXBuildFile; fileRef = B1CD40701A4C05CE00A8CFA5 /* colorSetObject.m */; };
		B1CD40761A4C05CE00A8CFA5 /* oneLedDeviceObject.m in Sources */ = {isa = PBXBuildFile; fileRef = B1CD40721A4C05CE00A8CFA5 /* oneLedDeviceObject.m */; };
		B1CD40771A4C05CE00A8CFA5 /* SceneArrayDeviceObject.m in Sources */ = {isa = PBXBuildFile; fileRef = B1CD40741A4C05CE00A8CFA5 /* SceneArrayDeviceObject.m */; };
/* End PBXBuildFile section */

/* Begin PBXContainerItemProxy section */
		B114F5971A3EBC5B00A123A9 /* PBXContainerItemProxy */ = {
			isa = PBXContainerItemProxy;
			containerPortal = B114F5721A3EBC5B00A123A9 /* Project object */;
			proxyType = 1;
			remoteGlobalIDString = B114F5791A3EBC5B00A123A9;
			remoteInfo = smartWatch;
		};
/* End PBXContainerItemProxy section */

/* Begin PBXFileReference section */
		644B41761A4E77B000661111 /* _CPTConstraintsFixed.h */ = {isa = PBXFileReference; fileEncoding = 4; lastKnownFileType = sourcecode.c.h; path = _CPTConstraintsFixed.h; sourceTree = "<group>"; };
		644B41771A4E77B000661111 /* _CPTConstraintsRelative.h */ = {isa = PBXFileReference; fileEncoding = 4; lastKnownFileType = sourcecode.c.h; path = _CPTConstraintsRelative.h; sourceTree = "<group>"; };
		644B41781A4E77B000661111 /* _CPTDarkGradientTheme.h */ = {isa = PBXFileReference; fileEncoding = 4; lastKnownFileType = sourcecode.c.h; path = _CPTDarkGradientTheme.h; sourceTree = "<group>"; };
		644B41791A4E77B000661111 /* _CPTFillColor.h */ = {isa = PBXFileReference; fileEncoding = 4; lastKnownFileType = sourcecode.c.h; path = _CPTFillColor.h; sourceTree = "<group>"; };
		644B417A1A4E77B000661111 /* _CPTFillGradient.h */ = {isa = PBXFileReference; fileEncoding = 4; lastKnownFileType = sourcecode.c.h; path = _CPTFillGradient.h; sourceTree = "<group>"; };
		644B417B1A4E77B000661111 /* _CPTFillImage.h */ = {isa = PBXFileReference; fileEncoding = 4; lastKnownFileType = sourcecode.c.h; path = _CPTFillImage.h; sourceTree = "<group>"; };
		644B417C1A4E77B000661111 /* _CPTPlainBlackTheme.h */ = {isa = PBXFileReference; fileEncoding = 4; lastKnownFileType = sourcecode.c.h; path = _CPTPlainBlackTheme.h; sourceTree = "<group>"; };
		644B417D1A4E77B000661111 /* _CPTPlainWhiteTheme.h */ = {isa = PBXFileReference; fileEncoding = 4; lastKnownFileType = sourcecode.c.h; path = _CPTPlainWhiteTheme.h; sourceTree = "<group>"; };
		644B417E1A4E77B000661111 /* _CPTSlateTheme.h */ = {isa = PBXFileReference; fileEncoding = 4; lastKnownFileType = sourcecode.c.h; path = _CPTSlateTheme.h; sourceTree = "<group>"; };
		644B417F1A4E77B000661111 /* _CPTStocksTheme.h */ = {isa = PBXFileReference; fileEncoding = 4; lastKnownFileType = sourcecode.c.h; path = _CPTStocksTheme.h; sourceTree = "<group>"; };
		644B41801A4E77B000661111 /* _CPTXYTheme.h */ = {isa = PBXFileReference; fileEncoding = 4; lastKnownFileType = sourcecode.c.h; path = _CPTXYTheme.h; sourceTree = "<group>"; };
		644B41811A4E77B000661111 /* CorePlot-CocoaTouch.h */ = {isa = PBXFileReference; fileEncoding = 4; lastKnownFileType = sourcecode.c.h; path = "CorePlot-CocoaTouch.h"; sourceTree = "<group>"; };
		644B41821A4E77B000661111 /* CPTAnnotation.h */ = {isa = PBXFileReference; fileEncoding = 4; lastKnownFileType = sourcecode.c.h; path = CPTAnnotation.h; sourceTree = "<group>"; };
		644B41831A4E77B000661111 /* CPTAnnotationHostLayer.h */ = {isa = PBXFileReference; fileEncoding = 4; lastKnownFileType = sourcecode.c.h; path = CPTAnnotationHostLayer.h; sourceTree = "<group>"; };
		644B41841A4E77B000661111 /* CPTAxis.h */ = {isa = PBXFileReference; fileEncoding = 4; lastKnownFileType = sourcecode.c.h; path = CPTAxis.h; sourceTree = "<group>"; };
		644B41851A4E77B000661111 /* CPTAxisLabel.h */ = {isa = PBXFileReference; fileEncoding = 4; lastKnownFileType = sourcecode.c.h; path = CPTAxisLabel.h; sourceTree = "<group>"; };
		644B41861A4E77B000661111 /* CPTAxisLabelGroup.h */ = {isa = PBXFileReference; fileEncoding = 4; lastKnownFileType = sourcecode.c.h; path = CPTAxisLabelGroup.h; sourceTree = "<group>"; };
		644B41871A4E77B000661111 /* CPTAxisSet.h */ = {isa = PBXFileReference; fileEncoding = 4; lastKnownFileType = sourcecode.c.h; path = CPTAxisSet.h; sourceTree = "<group>"; };
		644B41881A4E77B000661111 /* CPTAxisTitle.h */ = {isa = PBXFileReference; fileEncoding = 4; lastKnownFileType = sourcecode.c.h; path = CPTAxisTitle.h; sourceTree = "<group>"; };
		644B41891A4E77B000661111 /* CPTBarPlot.h */ = {isa = PBXFileReference; fileEncoding = 4; lastKnownFileType = sourcecode.c.h; path = CPTBarPlot.h; sourceTree = "<group>"; };
		644B418A1A4E77B000661111 /* CPTBorderedLayer.h */ = {isa = PBXFileReference; fileEncoding = 4; lastKnownFileType = sourcecode.c.h; path = CPTBorderedLayer.h; sourceTree = "<group>"; };
		644B418B1A4E77B000661111 /* CPTColor.h */ = {isa = PBXFileReference; fileEncoding = 4; lastKnownFileType = sourcecode.c.h; path = CPTColor.h; sourceTree = "<group>"; };
		644B418C1A4E77B000661111 /* CPTColorSpace.h */ = {isa = PBXFileReference; fileEncoding = 4; lastKnownFileType = sourcecode.c.h; path = CPTColorSpace.h; sourceTree = "<group>"; };
		644B418D1A4E77B000661111 /* CPTConstraints.h */ = {isa = PBXFileReference; fileEncoding = 4; lastKnownFileType = sourcecode.c.h; path = CPTConstraints.h; sourceTree = "<group>"; };
		644B418E1A4E77B000661111 /* CPTDefinitions.h */ = {isa = PBXFileReference; fileEncoding = 4; lastKnownFileType = sourcecode.c.h; path = CPTDefinitions.h; sourceTree = "<group>"; };
		644B418F1A4E77B000661111 /* CPTExceptions.h */ = {isa = PBXFileReference; fileEncoding = 4; lastKnownFileType = sourcecode.c.h; path = CPTExceptions.h; sourceTree = "<group>"; };
		644B41901A4E77B000661111 /* CPTFill.h */ = {isa = PBXFileReference; fileEncoding = 4; lastKnownFileType = sourcecode.c.h; path = CPTFill.h; sourceTree = "<group>"; };
		644B41911A4E77B000661111 /* CPTGradient.h */ = {isa = PBXFileReference; fileEncoding = 4; lastKnownFileType = sourcecode.c.h; path = CPTGradient.h; sourceTree = "<group>"; };
		644B41921A4E77B000661111 /* CPTGraph.h */ = {isa = PBXFileReference; fileEncoding = 4; lastKnownFileType = sourcecode.c.h; path = CPTGraph.h; sourceTree = "<group>"; };
		644B41931A4E77B000661111 /* CPTGraphHostingView.h */ = {isa = PBXFileReference; fileEncoding = 4; lastKnownFileType = sourcecode.c.h; path = CPTGraphHostingView.h; sourceTree = "<group>"; };
		644B41941A4E77B000661111 /* CPTGridLineGroup.h */ = {isa = PBXFileReference; fileEncoding = 4; lastKnownFileType = sourcecode.c.h; path = CPTGridLineGroup.h; sourceTree = "<group>"; };
		644B41951A4E77B000661111 /* CPTGridLines.h */ = {isa = PBXFileReference; fileEncoding = 4; lastKnownFileType = sourcecode.c.h; path = CPTGridLines.h; sourceTree = "<group>"; };
		644B41961A4E77B000661111 /* CPTImage.h */ = {isa = PBXFileReference; fileEncoding = 4; lastKnownFileType = sourcecode.c.h; path = CPTImage.h; sourceTree = "<group>"; };
		644B41971A4E77B000661111 /* CPTLayer.h */ = {isa = PBXFileReference; fileEncoding = 4; lastKnownFileType = sourcecode.c.h; path = CPTLayer.h; sourceTree = "<group>"; };
		644B41981A4E77B000661111 /* CPTLayerAnnotation.h */ = {isa = PBXFileReference; fileEncoding = 4; lastKnownFileType = sourcecode.c.h; path = CPTLayerAnnotation.h; sourceTree = "<group>"; };
		644B41991A4E77B000661111 /* CPTLegend.h */ = {isa = PBXFileReference; fileEncoding = 4; lastKnownFileType = sourcecode.c.h; path = CPTLegend.h; sourceTree = "<group>"; };
		644B419A1A4E77B000661111 /* CPTLegendEntry.h */ = {isa = PBXFileReference; fileEncoding = 4; lastKnownFileType = sourcecode.c.h; path = CPTLegendEntry.h; sourceTree = "<group>"; };
		644B419B1A4E77B000661111 /* CPTLimitBand.h */ = {isa = PBXFileReference; fileEncoding = 4; lastKnownFileType = sourcecode.c.h; path = CPTLimitBand.h; sourceTree = "<group>"; };
		644B419C1A4E77B000661111 /* CPTLineCap.h */ = {isa = PBXFileReference; fileEncoding = 4; lastKnownFileType = sourcecode.c.h; path = CPTLineCap.h; sourceTree = "<group>"; };
		644B419D1A4E77B000661111 /* CPTLineStyle.h */ = {isa = PBXFileReference; fileEncoding = 4; lastKnownFileType = sourcecode.c.h; path = CPTLineStyle.h; sourceTree = "<group>"; };
		644B419E1A4E77B000661111 /* CPTMutableLineStyle.h */ = {isa = PBXFileReference; fileEncoding = 4; lastKnownFileType = sourcecode.c.h; path = CPTMutableLineStyle.h; sourceTree = "<group>"; };
		644B419F1A4E77B000661111 /* CPTMutableNumericData+TypeConversion.h */ = {isa = PBXFileReference; fileEncoding = 4; lastKnownFileType = sourcecode.c.h; path = "CPTMutableNumericData+TypeConversion.h"; sourceTree = "<group>"; };
		644B41A01A4E77B000661111 /* CPTMutableNumericData.h */ = {isa = PBXFileReference; fileEncoding = 4; lastKnownFileType = sourcecode.c.h; path = CPTMutableNumericData.h; sourceTree = "<group>"; };
		644B41A11A4E77B000661111 /* CPTMutablePlotRange.h */ = {isa = PBXFileReference; fileEncoding = 4; lastKnownFileType = sourcecode.c.h; path = CPTMutablePlotRange.h; sourceTree = "<group>"; };
		644B41A21A4E77B000661111 /* CPTMutableShadow.h */ = {isa = PBXFileReference; fileEncoding = 4; lastKnownFileType = sourcecode.c.h; path = CPTMutableShadow.h; sourceTree = "<group>"; };
		644B41A31A4E77B000661111 /* CPTMutableTextStyle.h */ = {isa = PBXFileReference; fileEncoding = 4; lastKnownFileType = sourcecode.c.h; path = CPTMutableTextStyle.h; sourceTree = "<group>"; };
		644B41A41A4E77B000661111 /* CPTNumericData+TypeConversion.h */ = {isa = PBXFileReference; fileEncoding = 4; lastKnownFileType = sourcecode.c.h; path = "CPTNumericData+TypeConversion.h"; sourceTree = "<group>"; };
		644B41A51A4E77B000661111 /* CPTNumericData.h */ = {isa = PBXFileReference; fileEncoding = 4; lastKnownFileType = sourcecode.c.h; path = CPTNumericData.h; sourceTree = "<group>"; };
		644B41A61A4E77B000661111 /* CPTNumericDataType.h */ = {isa = PBXFileReference; fileEncoding = 4; lastKnownFileType = sourcecode.c.h; path = CPTNumericDataType.h; sourceTree = "<group>"; };
		644B41A71A4E77B000661111 /* CPTPathExtensions.h */ = {isa = PBXFileReference; fileEncoding = 4; lastKnownFileType = sourcecode.c.h; path = CPTPathExtensions.h; sourceTree = "<group>"; };
		644B41A81A4E77B000661111 /* CPTPieChart.h */ = {isa = PBXFileReference; fileEncoding = 4; lastKnownFileType = sourcecode.c.h; path = CPTPieChart.h; sourceTree = "<group>"; };
		644B41A91A4E77B000661111 /* CPTPlatformSpecificCategories.h */ = {isa = PBXFileReference; fileEncoding = 4; lastKnownFileType = sourcecode.c.h; path = CPTPlatformSpecificCategories.h; sourceTree = "<group>"; };
		644B41AA1A4E77B000661111 /* CPTPlatformSpecificDefines.h */ = {isa = PBXFileReference; fileEncoding = 4; lastKnownFileType = sourcecode.c.h; path = CPTPlatformSpecificDefines.h; sourceTree = "<group>"; };
		644B41AB1A4E77B000661111 /* CPTPlatformSpecificFunctions.h */ = {isa = PBXFileReference; fileEncoding = 4; lastKnownFileType = sourcecode.c.h; path = CPTPlatformSpecificFunctions.h; sourceTree = "<group>"; };
		644B41AC1A4E77B000661111 /* CPTPlot.h */ = {isa = PBXFileReference; fileEncoding = 4; lastKnownFileType = sourcecode.c.h; path = CPTPlot.h; sourceTree = "<group>"; };
		644B41AD1A4E77B000661111 /* CPTPlotArea.h */ = {isa = PBXFileReference; fileEncoding = 4; lastKnownFileType = sourcecode.c.h; path = CPTPlotArea.h; sourceTree = "<group>"; };
		644B41AE1A4E77B000661111 /* CPTPlotAreaFrame.h */ = {isa = PBXFileReference; fileEncoding = 4; lastKnownFileType = sourcecode.c.h; path = CPTPlotAreaFrame.h; sourceTree = "<group>"; };
		644B41AF1A4E77B000661111 /* CPTPlotGroup.h */ = {isa = PBXFileReference; fileEncoding = 4; lastKnownFileType = sourcecode.c.h; path = CPTPlotGroup.h; sourceTree = "<group>"; };
		644B41B01A4E77B000661111 /* CPTPlotRange.h */ = {isa = PBXFileReference; fileEncoding = 4; lastKnownFileType = sourcecode.c.h; path = CPTPlotRange.h; sourceTree = "<group>"; };
		644B41B11A4E77B000661111 /* CPTPlotSpace.h */ = {isa = PBXFileReference; fileEncoding = 4; lastKnownFileType = sourcecode.c.h; path = CPTPlotSpace.h; sourceTree = "<group>"; };
		644B41B21A4E77B000661111 /* CPTPlotSpaceAnnotation.h */ = {isa = PBXFileReference; fileEncoding = 4; lastKnownFileType = sourcecode.c.h; path = CPTPlotSpaceAnnotation.h; sourceTree = "<group>"; };
		644B41B31A4E77B000661111 /* CPTPlotSymbol.h */ = {isa = PBXFileReference; fileEncoding = 4; lastKnownFileType = sourcecode.c.h; path = CPTPlotSymbol.h; sourceTree = "<group>"; };
		644B41B41A4E77B000661111 /* CPTRangePlot.h */ = {isa = PBXFileReference; fileEncoding = 4; lastKnownFileType = sourcecode.c.h; path = CPTRangePlot.h; sourceTree = "<group>"; };
		644B41B51A4E77B000661111 /* CPTResponder.h */ = {isa = PBXFileReference; fileEncoding = 4; lastKnownFileType = sourcecode.c.h; path = CPTResponder.h; sourceTree = "<group>"; };
		644B41B61A4E77B000661111 /* CPTScatterPlot.h */ = {isa = PBXFileReference; fileEncoding = 4; lastKnownFileType = sourcecode.c.h; path = CPTScatterPlot.h; sourceTree = "<group>"; };
		644B41B71A4E77B000661111 /* CPTShadow.h */ = {isa = PBXFileReference; fileEncoding = 4; lastKnownFileType = sourcecode.c.h; path = CPTShadow.h; sourceTree = "<group>"; };
		644B41B81A4E77B000661111 /* CPTTextLayer.h */ = {isa = PBXFileReference; fileEncoding = 4; lastKnownFileType = sourcecode.c.h; path = CPTTextLayer.h; sourceTree = "<group>"; };
		644B41B91A4E77B000661111 /* CPTTextStyle.h */ = {isa = PBXFileReference; fileEncoding = 4; lastKnownFileType = sourcecode.c.h; path = CPTTextStyle.h; sourceTree = "<group>"; };
		644B41BA1A4E77B000661111 /* CPTTheme.h */ = {isa = PBXFileReference; fileEncoding = 4; lastKnownFileType = sourcecode.c.h; path = CPTTheme.h; sourceTree = "<group>"; };
		644B41BB1A4E77B000661111 /* CPTTimeFormatter.h */ = {isa = PBXFileReference; fileEncoding = 4; lastKnownFileType = sourcecode.c.h; path = CPTTimeFormatter.h; sourceTree = "<group>"; };
		644B41BC1A4E77B000661111 /* CPTTradingRangePlot.h */ = {isa = PBXFileReference; fileEncoding = 4; lastKnownFileType = sourcecode.c.h; path = CPTTradingRangePlot.h; sourceTree = "<group>"; };
		644B41BD1A4E77B000661111 /* CPTUtilities.h */ = {isa = PBXFileReference; fileEncoding = 4; lastKnownFileType = sourcecode.c.h; path = CPTUtilities.h; sourceTree = "<group>"; };
		644B41BE1A4E77B000661111 /* CPTXYAxis.h */ = {isa = PBXFileReference; fileEncoding = 4; lastKnownFileType = sourcecode.c.h; path = CPTXYAxis.h; sourceTree = "<group>"; };
		644B41BF1A4E77B000661111 /* CPTXYAxisSet.h */ = {isa = PBXFileReference; fileEncoding = 4; lastKnownFileType = sourcecode.c.h; path = CPTXYAxisSet.h; sourceTree = "<group>"; };
		644B41C01A4E77B000661111 /* CPTXYGraph.h */ = {isa = PBXFileReference; fileEncoding = 4; lastKnownFileType = sourcecode.c.h; path = CPTXYGraph.h; sourceTree = "<group>"; };
		644B41C11A4E77B000661111 /* CPTXYPlotSpace.h */ = {isa = PBXFileReference; fileEncoding = 4; lastKnownFileType = sourcecode.c.h; path = CPTXYPlotSpace.h; sourceTree = "<group>"; };
		644B41C21A4E77B000661111 /* NSCoderExtensions.h */ = {isa = PBXFileReference; fileEncoding = 4; lastKnownFileType = sourcecode.c.h; path = NSCoderExtensions.h; sourceTree = "<group>"; };
		644B41C31A4E77B000661111 /* NSDecimalNumberExtensions.h */ = {isa = PBXFileReference; fileEncoding = 4; lastKnownFileType = sourcecode.c.h; path = NSDecimalNumberExtensions.h; sourceTree = "<group>"; };
		644B41C41A4E77B000661111 /* NSNumberExtensions.h */ = {isa = PBXFileReference; fileEncoding = 4; lastKnownFileType = sourcecode.c.h; path = NSNumberExtensions.h; sourceTree = "<group>"; };
		644B41C51A4E77B000661111 /* libCorePlot-CocoaTouch.a */ = {isa = PBXFileReference; lastKnownFileType = archive.ar; path = "libCorePlot-CocoaTouch.a"; sourceTree = "<group>"; };
		B114F57A1A3EBC5B00A123A9 /* smartWatch.app */ = {isa = PBXFileReference; explicitFileType = wrapper.application; includeInIndex = 0; path = smartWatch.app; sourceTree = BUILT_PRODUCTS_DIR; };
		B114F57E1A3EBC5B00A123A9 /* Info.plist */ = {isa = PBXFileReference; lastKnownFileType = text.plist.xml; path = Info.plist; sourceTree = "<group>"; };
		B114F57F1A3EBC5B00A123A9 /* main.m */ = {isa = PBXFileReference; lastKnownFileType = sourcecode.c.objc; path = main.m; sourceTree = "<group>"; };
		B114F5811A3EBC5B00A123A9 /* AppDelegate.h */ = {isa = PBXFileReference; lastKnownFileType = sourcecode.c.h; path = AppDelegate.h; sourceTree = "<group>"; };
		B114F5821A3EBC5B00A123A9 /* AppDelegate.m */ = {isa = PBXFileReference; lastKnownFileType = sourcecode.c.objc; path = AppDelegate.m; sourceTree = "<group>"; };
		B114F5841A3EBC5B00A123A9 /* FirstViewController.h */ = {isa = PBXFileReference; lastKnownFileType = sourcecode.c.h; path = FirstViewController.h; sourceTree = "<group>"; };
		B114F5851A3EBC5B00A123A9 /* FirstViewController.m */ = {isa = PBXFileReference; lastKnownFileType = sourcecode.c.objc; path = FirstViewController.m; sourceTree = "<group>"; };
		B114F5871A3EBC5B00A123A9 /* SecondViewController.h */ = {isa = PBXFileReference; lastKnownFileType = sourcecode.c.h; path = SecondViewController.h; sourceTree = "<group>"; };
		B114F5881A3EBC5B00A123A9 /* SecondViewController.m */ = {isa = PBXFileReference; lastKnownFileType = sourcecode.c.objc; path = SecondViewController.m; sourceTree = "<group>"; };
		B114F58B1A3EBC5B00A123A9 /* Base */ = {isa = PBXFileReference; lastKnownFileType = file.storyboard; name = Base; path = Base.lproj/Main.storyboard; sourceTree = "<group>"; };
		B114F58D1A3EBC5B00A123A9 /* Images.xcassets */ = {isa = PBXFileReference; lastKnownFileType = folder.assetcatalog; path = Images.xcassets; sourceTree = "<group>"; };
		B114F5901A3EBC5B00A123A9 /* Base */ = {isa = PBXFileReference; lastKnownFileType = file.xib; name = Base; path = Base.lproj/LaunchScreen.xib; sourceTree = "<group>"; };
		B114F5961A3EBC5B00A123A9 /* smartWatchTests.xctest */ = {isa = PBXFileReference; explicitFileType = wrapper.cfbundle; includeInIndex = 0; path = smartWatchTests.xctest; sourceTree = BUILT_PRODUCTS_DIR; };
		B114F59B1A3EBC5B00A123A9 /* Info.plist */ = {isa = PBXFileReference; lastKnownFileType = text.plist.xml; path = Info.plist; sourceTree = "<group>"; };
		B114F59C1A3EBC5B00A123A9 /* smartWatchTests.m */ = {isa = PBXFileReference; lastKnownFileType = sourcecode.c.objc; path = smartWatchTests.m; sourceTree = "<group>"; };
		B114F5A61A3EBCC100A123A9 /* AVOSCloud.framework */ = {isa = PBXFileReference; lastKnownFileType = wrapper.framework; name = AVOSCloud.framework; path = ThirdParty/AVOSCloud.framework; sourceTree = "<group>"; };
		B114F5A81A3EBCCF00A123A9 /* CFNetwork.framework */ = {isa = PBXFileReference; lastKnownFileType = wrapper.framework; name = CFNetwork.framework; path = System/Library/Frameworks/CFNetwork.framework; sourceTree = SDKROOT; };
		B114F5AA1A3EBCE400A123A9 /* SystemConfiguration.framework */ = {isa = PBXFileReference; lastKnownFileType = wrapper.framework; name = SystemConfiguration.framework; path = System/Library/Frameworks/SystemConfiguration.framework; sourceTree = SDKROOT; };
		B114F5AC1A3EBCEC00A123A9 /* MobileCoreServices.framework */ = {isa = PBXFileReference; lastKnownFileType = wrapper.framework; name = MobileCoreServices.framework; path = System/Library/Frameworks/MobileCoreServices.framework; sourceTree = SDKROOT; };
		B114F5AE1A3EBCF400A123A9 /* CoreTelephony.framework */ = {isa = PBXFileReference; lastKnownFileType = wrapper.framework; name = CoreTelephony.framework; path = System/Library/Frameworks/CoreTelephony.framework; sourceTree = SDKROOT; };
		B114F5B01A3EBD5900A123A9 /* CoreLocation.framework */ = {isa = PBXFileReference; lastKnownFileType = wrapper.framework; name = CoreLocation.framework; path = System/Library/Frameworks/CoreLocation.framework; sourceTree = SDKROOT; };
		B114F5B21A3EBD5F00A123A9 /* libicucore.dylib */ = {isa = PBXFileReference; lastKnownFileType = "compiled.mach-o.dylib"; name = libicucore.dylib; path = usr/lib/libicucore.dylib; sourceTree = SDKROOT; };
		B1CD40561A4C024900A8CFA5 /* ConnectionManager.h */ = {isa = PBXFileReference; fileEncoding = 4; lastKnownFileType = sourcecode.c.h; path = ConnectionManager.h; sourceTree = "<group>"; };
		B1CD40571A4C024900A8CFA5 /* ConnectionManager.m */ = {isa = PBXFileReference; fileEncoding = 4; lastKnownFileType = sourcecode.c.objc; path = ConnectionManager.m; sourceTree = "<group>"; };
		B1CD40591A4C02A300A8CFA5 /* GlobalHeader.h */ = {isa = PBXFileReference; fileEncoding = 4; lastKnownFileType = sourcecode.c.h; path = GlobalHeader.h; sourceTree = "<group>"; };
		B1CD405A1A4C047100A8CFA5 /* CoreBluetooth.framework */ = {isa = PBXFileReference; lastKnownFileType = wrapper.framework; name = CoreBluetooth.framework; path = System/Library/Frameworks/CoreBluetooth.framework; sourceTree = SDKROOT; };
		B1CD405E1A4C04BA00A8CFA5 /* MBProgressHUD.h */ = {isa = PBXFileReference; fileEncoding = 4; lastKnownFileType = sourcecode.c.h; path = MBProgressHUD.h; sourceTree = "<group>"; };
		B1CD405F1A4C04BA00A8CFA5 /* MBProgressHUD.m */ = {isa = PBXFileReference; fileEncoding = 4; lastKnownFileType = sourcecode.c.objc; path = MBProgressHUD.m; sourceTree = "<group>"; };
		B1CD40641A4C051600A8CFA5 /* UIColor+getColor.h */ = {isa = PBXFileReference; fileEncoding = 4; lastKnownFileType = sourcecode.c.h; path = "UIColor+getColor.h"; sourceTree = "<group>"; };
		B1CD40651A4C051600A8CFA5 /* UIColor+getColor.m */ = {isa = PBXFileReference; fileEncoding = 4; lastKnownFileType = sourcecode.c.objc; path = "UIColor+getColor.m"; sourceTree = "<group>"; };
		B1CD40681A4C056300A8CFA5 /* CommonNavigationController.h */ = {isa = PBXFileReference; fileEncoding = 4; lastKnownFileType = sourcecode.c.h; path = CommonNavigationController.h; sourceTree = "<group>"; };
		B1CD40691A4C056300A8CFA5 /* CommonNavigationController.m */ = {isa = PBXFileReference; fileEncoding = 4; lastKnownFileType = sourcecode.c.objc; path = CommonNavigationController.m; sourceTree = "<group>"; };
		B1CD406A1A4C056300A8CFA5 /* CommonTabbarViewController.h */ = {isa = PBXFileReference; fileEncoding = 4; lastKnownFileType = sourcecode.c.h; path = CommonTabbarViewController.h; sourceTree = "<group>"; };
		B1CD406B1A4C056300A8CFA5 /* CommonTabbarViewController.m */ = {isa = PBXFileReference; fileEncoding = 4; lastKnownFileType = sourcecode.c.objc; path = CommonTabbarViewController.m; sourceTree = "<group>"; };
		B1CD406F1A4C05CE00A8CFA5 /* colorSetObject.h */ = {isa = PBXFileReference; fileEncoding = 4; lastKnownFileType = sourcecode.c.h; path = colorSetObject.h; sourceTree = "<group>"; };
		B1CD40701A4C05CE00A8CFA5 /* colorSetObject.m */ = {isa = PBXFileReference; fileEncoding = 4; lastKnownFileType = sourcecode.c.objc; path = colorSetObject.m; sourceTree = "<group>"; };
		B1CD40711A4C05CE00A8CFA5 /* oneLedDeviceObject.h */ = {isa = PBXFileReference; fileEncoding = 4; lastKnownFileType = sourcecode.c.h; path = oneLedDeviceObject.h; sourceTree = "<group>"; };
		B1CD40721A4C05CE00A8CFA5 /* oneLedDeviceObject.m */ = {isa = PBXFileReference; fileEncoding = 4; lastKnownFileType = sourcecode.c.objc; path = oneLedDeviceObject.m; sourceTree = "<group>"; };
		B1CD40731A4C05CE00A8CFA5 /* SceneArrayDeviceObject.h */ = {isa = PBXFileReference; fileEncoding = 4; lastKnownFileType = sourcecode.c.h; path = SceneArrayDeviceObject.h; sourceTree = "<group>"; };
		B1CD40741A4C05CE00A8CFA5 /* SceneArrayDeviceObject.m */ = {isa = PBXFileReference; fileEncoding = 4; lastKnownFileType = sourcecode.c.objc; path = SceneArrayDeviceObject.m; sourceTree = "<group>"; };
/* End PBXFileReference section */

/* Begin PBXFrameworksBuildPhase section */
		B114F5771A3EBC5B00A123A9 /* Frameworks */ = {
			isa = PBXFrameworksBuildPhase;
			buildActionMask = 2147483647;
			files = (
				B1CD405B1A4C047100A8CFA5 /* CoreBluetooth.framework in Frameworks */,
				B114F5B31A3EBD5F00A123A9 /* libicucore.dylib in Frameworks */,
				B114F5B11A3EBD5900A123A9 /* CoreLocation.framework in Frameworks */,
				B114F5AF1A3EBCF400A123A9 /* CoreTelephony.framework in Frameworks */,
				B114F5AD1A3EBCEC00A123A9 /* MobileCoreServices.framework in Frameworks */,
				B114F5AB1A3EBCE400A123A9 /* SystemConfiguration.framework in Frameworks */,
				B114F5A91A3EBCCF00A123A9 /* CFNetwork.framework in Frameworks */,
				B114F5A71A3EBCC100A123A9 /* AVOSCloud.framework in Frameworks */,
				644B41C61A4E77B000661111 /* libCorePlot-CocoaTouch.a in Frameworks */,
			);
			runOnlyForDeploymentPostprocessing = 0;
		};
		B114F5931A3EBC5B00A123A9 /* Frameworks */ = {
			isa = PBXFrameworksBuildPhase;
			buildActionMask = 2147483647;
			files = (
			);
			runOnlyForDeploymentPostprocessing = 0;
		};
/* End PBXFrameworksBuildPhase section */

/* Begin PBXGroup section */
		644B41751A4E77B000661111 /* CorePlotHeaders */ = {
			isa = PBXGroup;
			children = (
				644B41761A4E77B000661111 /* _CPTConstraintsFixed.h */,
				644B41771A4E77B000661111 /* _CPTConstraintsRelative.h */,
				644B41781A4E77B000661111 /* _CPTDarkGradientTheme.h */,
				644B41791A4E77B000661111 /* _CPTFillColor.h */,
				644B417A1A4E77B000661111 /* _CPTFillGradient.h */,
				644B417B1A4E77B000661111 /* _CPTFillImage.h */,
				644B417C1A4E77B000661111 /* _CPTPlainBlackTheme.h */,
				644B417D1A4E77B000661111 /* _CPTPlainWhiteTheme.h */,
				644B417E1A4E77B000661111 /* _CPTSlateTheme.h */,
				644B417F1A4E77B000661111 /* _CPTStocksTheme.h */,
				644B41801A4E77B000661111 /* _CPTXYTheme.h */,
				644B41811A4E77B000661111 /* CorePlot-CocoaTouch.h */,
				644B41821A4E77B000661111 /* CPTAnnotation.h */,
				644B41831A4E77B000661111 /* CPTAnnotationHostLayer.h */,
				644B41841A4E77B000661111 /* CPTAxis.h */,
				644B41851A4E77B000661111 /* CPTAxisLabel.h */,
				644B41861A4E77B000661111 /* CPTAxisLabelGroup.h */,
				644B41871A4E77B000661111 /* CPTAxisSet.h */,
				644B41881A4E77B000661111 /* CPTAxisTitle.h */,
				644B41891A4E77B000661111 /* CPTBarPlot.h */,
				644B418A1A4E77B000661111 /* CPTBorderedLayer.h */,
				644B418B1A4E77B000661111 /* CPTColor.h */,
				644B418C1A4E77B000661111 /* CPTColorSpace.h */,
				644B418D1A4E77B000661111 /* CPTConstraints.h */,
				644B418E1A4E77B000661111 /* CPTDefinitions.h */,
				644B418F1A4E77B000661111 /* CPTExceptions.h */,
				644B41901A4E77B000661111 /* CPTFill.h */,
				644B41911A4E77B000661111 /* CPTGradient.h */,
				644B41921A4E77B000661111 /* CPTGraph.h */,
				644B41931A4E77B000661111 /* CPTGraphHostingView.h */,
				644B41941A4E77B000661111 /* CPTGridLineGroup.h */,
				644B41951A4E77B000661111 /* CPTGridLines.h */,
				644B41961A4E77B000661111 /* CPTImage.h */,
				644B41971A4E77B000661111 /* CPTLayer.h */,
				644B41981A4E77B000661111 /* CPTLayerAnnotation.h */,
				644B41991A4E77B000661111 /* CPTLegend.h */,
				644B419A1A4E77B000661111 /* CPTLegendEntry.h */,
				644B419B1A4E77B000661111 /* CPTLimitBand.h */,
				644B419C1A4E77B000661111 /* CPTLineCap.h */,
				644B419D1A4E77B000661111 /* CPTLineStyle.h */,
				644B419E1A4E77B000661111 /* CPTMutableLineStyle.h */,
				644B419F1A4E77B000661111 /* CPTMutableNumericData+TypeConversion.h */,
				644B41A01A4E77B000661111 /* CPTMutableNumericData.h */,
				644B41A11A4E77B000661111 /* CPTMutablePlotRange.h */,
				644B41A21A4E77B000661111 /* CPTMutableShadow.h */,
				644B41A31A4E77B000661111 /* CPTMutableTextStyle.h */,
				644B41A41A4E77B000661111 /* CPTNumericData+TypeConversion.h */,
				644B41A51A4E77B000661111 /* CPTNumericData.h */,
				644B41A61A4E77B000661111 /* CPTNumericDataType.h */,
				644B41A71A4E77B000661111 /* CPTPathExtensions.h */,
				644B41A81A4E77B000661111 /* CPTPieChart.h */,
				644B41A91A4E77B000661111 /* CPTPlatformSpecificCategories.h */,
				644B41AA1A4E77B000661111 /* CPTPlatformSpecificDefines.h */,
				644B41AB1A4E77B000661111 /* CPTPlatformSpecificFunctions.h */,
				644B41AC1A4E77B000661111 /* CPTPlot.h */,
				644B41AD1A4E77B000661111 /* CPTPlotArea.h */,
				644B41AE1A4E77B000661111 /* CPTPlotAreaFrame.h */,
				644B41AF1A4E77B000661111 /* CPTPlotGroup.h */,
				644B41B01A4E77B000661111 /* CPTPlotRange.h */,
				644B41B11A4E77B000661111 /* CPTPlotSpace.h */,
				644B41B21A4E77B000661111 /* CPTPlotSpaceAnnotation.h */,
				644B41B31A4E77B000661111 /* CPTPlotSymbol.h */,
				644B41B41A4E77B000661111 /* CPTRangePlot.h */,
				644B41B51A4E77B000661111 /* CPTResponder.h */,
				644B41B61A4E77B000661111 /* CPTScatterPlot.h */,
				644B41B71A4E77B000661111 /* CPTShadow.h */,
				644B41B81A4E77B000661111 /* CPTTextLayer.h */,
				644B41B91A4E77B000661111 /* CPTTextStyle.h */,
				644B41BA1A4E77B000661111 /* CPTTheme.h */,
				644B41BB1A4E77B000661111 /* CPTTimeFormatter.h */,
				644B41BC1A4E77B000661111 /* CPTTradingRangePlot.h */,
				644B41BD1A4E77B000661111 /* CPTUtilities.h */,
				644B41BE1A4E77B000661111 /* CPTXYAxis.h */,
				644B41BF1A4E77B000661111 /* CPTXYAxisSet.h */,
				644B41C01A4E77B000661111 /* CPTXYGraph.h */,
				644B41C11A4E77B000661111 /* CPTXYPlotSpace.h */,
				644B41C21A4E77B000661111 /* NSCoderExtensions.h */,
				644B41C31A4E77B000661111 /* NSDecimalNumberExtensions.h */,
				644B41C41A4E77B000661111 /* NSNumberExtensions.h */,
			);
			path = CorePlotHeaders;
			sourceTree = "<group>";
		};
		B114F5711A3EBC5B00A123A9 = {
			isa = PBXGroup;
			children = (
				B114F57C1A3EBC5B00A123A9 /* smartWatch */,
				B114F5991A3EBC5B00A123A9 /* smartWatchTests */,
				B114F57B1A3EBC5B00A123A9 /* Products */,
			);
			sourceTree = "<group>";
		};
		B114F57B1A3EBC5B00A123A9 /* Products */ = {
			isa = PBXGroup;
			children = (
				B114F57A1A3EBC5B00A123A9 /* smartWatch.app */,
				B114F5961A3EBC5B00A123A9 /* smartWatchTests.xctest */,
			);
			name = Products;
			sourceTree = "<group>";
		};
		B114F57C1A3EBC5B00A123A9 /* smartWatch */ = {
			isa = PBXGroup;
			children = (
				B1CD406E1A4C05CE00A8CFA5 /* Model */,
				B1CD40671A4C056300A8CFA5 /* viewControllers */,
				B1CD40621A4C051600A8CFA5 /* categoryClass */,
				B1CD405C1A4C04BA00A8CFA5 /* ThirdParty */,
				B1CD40551A4C024900A8CFA5 /* Singletons */,
				B1CD40591A4C02A300A8CFA5 /* GlobalHeader.h */,
				B114F5811A3EBC5B00A123A9 /* AppDelegate.h */,
				B114F5821A3EBC5B00A123A9 /* AppDelegate.m */,
				B114F5841A3EBC5B00A123A9 /* FirstViewController.h */,
				B114F5851A3EBC5B00A123A9 /* FirstViewController.m */,
				B114F5871A3EBC5B00A123A9 /* SecondViewController.h */,
				B114F5881A3EBC5B00A123A9 /* SecondViewController.m */,
				B114F58A1A3EBC5B00A123A9 /* Main.storyboard */,
				B114F58D1A3EBC5B00A123A9 /* Images.xcassets */,
				B114F58F1A3EBC5B00A123A9 /* LaunchScreen.xib */,
				B114F57D1A3EBC5B00A123A9 /* Supporting Files */,
			);
			path = smartWatch;
			sourceTree = "<group>";
		};
		B114F57D1A3EBC5B00A123A9 /* Supporting Files */ = {
			isa = PBXGroup;
			children = (
				B114F5B21A3EBD5F00A123A9 /* libicucore.dylib */,
				B1CD405A1A4C047100A8CFA5 /* CoreBluetooth.framework */,
				B114F5B01A3EBD5900A123A9 /* CoreLocation.framework */,
				B114F5AE1A3EBCF400A123A9 /* CoreTelephony.framework */,
				B114F5AC1A3EBCEC00A123A9 /* MobileCoreServices.framework */,
				B114F5AA1A3EBCE400A123A9 /* SystemConfiguration.framework */,
				B114F5A81A3EBCCF00A123A9 /* CFNetwork.framework */,
				B114F5A61A3EBCC100A123A9 /* AVOSCloud.framework */,
				B114F57E1A3EBC5B00A123A9 /* Info.plist */,
				B114F57F1A3EBC5B00A123A9 /* main.m */,
			);
			name = "Supporting Files";
			sourceTree = "<group>";
		};
		B114F5991A3EBC5B00A123A9 /* smartWatchTests */ = {
			isa = PBXGroup;
			children = (
				B114F59C1A3EBC5B00A123A9 /* smartWatchTests.m */,
				B114F59A1A3EBC5B00A123A9 /* Supporting Files */,
			);
			path = smartWatchTests;
			sourceTree = "<group>";
		};
		B114F59A1A3EBC5B00A123A9 /* Supporting Files */ = {
			isa = PBXGroup;
			children = (
				B114F59B1A3EBC5B00A123A9 /* Info.plist */,
			);
			name = "Supporting Files";
			sourceTree = "<group>";
		};
		B1CD40551A4C024900A8CFA5 /* Singletons */ = {
			isa = PBXGroup;
			children = (
				B1CD40561A4C024900A8CFA5 /* ConnectionManager.h */,
				B1CD40571A4C024900A8CFA5 /* ConnectionManager.m */,
			);
			path = Singletons;
			sourceTree = "<group>";
		};
		B1CD405C1A4C04BA00A8CFA5 /* ThirdParty */ = {
			isa = PBXGroup;
			children = (
				644B41751A4E77B000661111 /* CorePlotHeaders */,
				644B41C51A4E77B000661111 /* libCorePlot-CocoaTouch.a */,
				B1CD405E1A4C04BA00A8CFA5 /* MBProgressHUD.h */,
				B1CD405F1A4C04BA00A8CFA5 /* MBProgressHUD.m */,
			);
			path = ThirdParty;
			sourceTree = "<group>";
		};
		B1CD40621A4C051600A8CFA5 /* categoryClass */ = {
			isa = PBXGroup;
			children = (
				B1CD40631A4C051600A8CFA5 /* UIColor+getColor */,
			);
			path = categoryClass;
			sourceTree = "<group>";
		};
		B1CD40631A4C051600A8CFA5 /* UIColor+getColor */ = {
			isa = PBXGroup;
			children = (
				B1CD40641A4C051600A8CFA5 /* UIColor+getColor.h */,
				B1CD40651A4C051600A8CFA5 /* UIColor+getColor.m */,
			);
			path = "UIColor+getColor";
			sourceTree = "<group>";
		};
		B1CD40671A4C056300A8CFA5 /* viewControllers */ = {
			isa = PBXGroup;
			children = (
				B1CD40681A4C056300A8CFA5 /* CommonNavigationController.h */,
				B1CD40691A4C056300A8CFA5 /* CommonNavigationController.m */,
				B1CD406A1A4C056300A8CFA5 /* CommonTabbarViewController.h */,
				B1CD406B1A4C056300A8CFA5 /* CommonTabbarViewController.m */,
			);
			path = viewControllers;
			sourceTree = "<group>";
		};
		B1CD406E1A4C05CE00A8CFA5 /* Model */ = {
			isa = PBXGroup;
			children = (
				B1CD406F1A4C05CE00A8CFA5 /* colorSetObject.h */,
				B1CD40701A4C05CE00A8CFA5 /* colorSetObject.m */,
				B1CD40711A4C05CE00A8CFA5 /* oneLedDeviceObject.h */,
				B1CD40721A4C05CE00A8CFA5 /* oneLedDeviceObject.m */,
				B1CD40731A4C05CE00A8CFA5 /* SceneArrayDeviceObject.h */,
				B1CD40741A4C05CE00A8CFA5 /* SceneArrayDeviceObject.m */,
			);
			path = Model;
			sourceTree = "<group>";
		};
/* End PBXGroup section */

/* Begin PBXNativeTarget section */
		B114F5791A3EBC5B00A123A9 /* smartWatch */ = {
			isa = PBXNativeTarget;
			buildConfigurationList = B114F5A01A3EBC5B00A123A9 /* Build configuration list for PBXNativeTarget "smartWatch" */;
			buildPhases = (
				B114F5761A3EBC5B00A123A9 /* Sources */,
				B114F5771A3EBC5B00A123A9 /* Frameworks */,
				B114F5781A3EBC5B00A123A9 /* Resources */,
			);
			buildRules = (
			);
			dependencies = (
			);
			name = smartWatch;
			productName = smartWatch;
			productReference = B114F57A1A3EBC5B00A123A9 /* smartWatch.app */;
			productType = "com.apple.product-type.application";
		};
		B114F5951A3EBC5B00A123A9 /* smartWatchTests */ = {
			isa = PBXNativeTarget;
			buildConfigurationList = B114F5A31A3EBC5B00A123A9 /* Build configuration list for PBXNativeTarget "smartWatchTests" */;
			buildPhases = (
				B114F5921A3EBC5B00A123A9 /* Sources */,
				B114F5931A3EBC5B00A123A9 /* Frameworks */,
				B114F5941A3EBC5B00A123A9 /* Resources */,
			);
			buildRules = (
			);
			dependencies = (
				B114F5981A3EBC5B00A123A9 /* PBXTargetDependency */,
			);
			name = smartWatchTests;
			productName = smartWatchTests;
			productReference = B114F5961A3EBC5B00A123A9 /* smartWatchTests.xctest */;
			productType = "com.apple.product-type.bundle.unit-test";
		};
/* End PBXNativeTarget section */

/* Begin PBXProject section */
		B114F5721A3EBC5B00A123A9 /* Project object */ = {
			isa = PBXProject;
			attributes = {
				LastUpgradeCheck = 0610;
				ORGANIZATIONNAME = Monster;
				TargetAttributes = {
					B114F5791A3EBC5B00A123A9 = {
						CreatedOnToolsVersion = 6.1;
					};
					B114F5951A3EBC5B00A123A9 = {
						CreatedOnToolsVersion = 6.1;
						TestTargetID = B114F5791A3EBC5B00A123A9;
					};
				};
			};
			buildConfigurationList = B114F5751A3EBC5B00A123A9 /* Build configuration list for PBXProject "smartWatch" */;
			compatibilityVersion = "Xcode 3.2";
			developmentRegion = English;
			hasScannedForEncodings = 0;
			knownRegions = (
				en,
				Base,
			);
			mainGroup = B114F5711A3EBC5B00A123A9;
			productRefGroup = B114F57B1A3EBC5B00A123A9 /* Products */;
			projectDirPath = "";
			projectRoot = "";
			targets = (
				B114F5791A3EBC5B00A123A9 /* smartWatch */,
				B114F5951A3EBC5B00A123A9 /* smartWatchTests */,
			);
		};
/* End PBXProject section */

/* Begin PBXResourcesBuildPhase section */
		B114F5781A3EBC5B00A123A9 /* Resources */ = {
			isa = PBXResourcesBuildPhase;
			buildActionMask = 2147483647;
			files = (
				B114F58C1A3EBC5B00A123A9 /* Main.storyboard in Resources */,
				B114F5911A3EBC5B00A123A9 /* LaunchScreen.xib in Resources */,
				B114F58E1A3EBC5B00A123A9 /* Images.xcassets in Resources */,
			);
			runOnlyForDeploymentPostprocessing = 0;
		};
		B114F5941A3EBC5B00A123A9 /* Resources */ = {
			isa = PBXResourcesBuildPhase;
			buildActionMask = 2147483647;
			files = (
			);
			runOnlyForDeploymentPostprocessing = 0;
		};
/* End PBXResourcesBuildPhase section */

/* Begin PBXSourcesBuildPhase section */
		B114F5761A3EBC5B00A123A9 /* Sources */ = {
			isa = PBXSourcesBuildPhase;
			buildActionMask = 2147483647;
			files = (
				B114F5891A3EBC5B00A123A9 /* SecondViewController.m in Sources */,
				B1CD40611A4C04BA00A8CFA5 /* MBProgressHUD.m in Sources */,
				B1CD40661A4C051600A8CFA5 /* UIColor+getColor.m in Sources */,
				B1CD40761A4C05CE00A8CFA5 /* oneLedDeviceObject.m in Sources */,
				B114F5831A3EBC5B00A123A9 /* AppDelegate.m in Sources */,
				B1CD406C1A4C056300A8CFA5 /* CommonNavigationController.m in Sources */,
				B1CD40751A4C05CE00A8CFA5 /* colorSetObject.m in Sources */,
				B1CD40771A4C05CE00A8CFA5 /* SceneArrayDeviceObject.m in Sources */,
				B1CD40581A4C024900A8CFA5 /* ConnectionManager.m in Sources */,
				B114F5861A3EBC5B00A123A9 /* FirstViewController.m in Sources */,
				B114F5801A3EBC5B00A123A9 /* main.m in Sources */,
				B1CD406D1A4C056300A8CFA5 /* CommonTabbarViewController.m in Sources */,
			);
			runOnlyForDeploymentPostprocessing = 0;
		};
		B114F5921A3EBC5B00A123A9 /* Sources */ = {
			isa = PBXSourcesBuildPhase;
			buildActionMask = 2147483647;
			files = (
				B114F59D1A3EBC5B00A123A9 /* smartWatchTests.m in Sources */,
			);
			runOnlyForDeploymentPostprocessing = 0;
		};
/* End PBXSourcesBuildPhase section */

/* Begin PBXTargetDependency section */
		B114F5981A3EBC5B00A123A9 /* PBXTargetDependency */ = {
			isa = PBXTargetDependency;
			target = B114F5791A3EBC5B00A123A9 /* smartWatch */;
			targetProxy = B114F5971A3EBC5B00A123A9 /* PBXContainerItemProxy */;
		};
/* End PBXTargetDependency section */

/* Begin PBXVariantGroup section */
		B114F58A1A3EBC5B00A123A9 /* Main.storyboard */ = {
			isa = PBXVariantGroup;
			children = (
				B114F58B1A3EBC5B00A123A9 /* Base */,
			);
			name = Main.storyboard;
			sourceTree = "<group>";
		};
		B114F58F1A3EBC5B00A123A9 /* LaunchScreen.xib */ = {
			isa = PBXVariantGroup;
			children = (
				B114F5901A3EBC5B00A123A9 /* Base */,
			);
			name = LaunchScreen.xib;
			sourceTree = "<group>";
		};
/* End PBXVariantGroup section */

/* Begin XCBuildConfiguration section */
		B114F59E1A3EBC5B00A123A9 /* Debug */ = {
			isa = XCBuildConfiguration;
			buildSettings = {
				ALWAYS_SEARCH_USER_PATHS = NO;
				CLANG_CXX_LANGUAGE_STANDARD = "gnu++0x";
				CLANG_CXX_LIBRARY = "libc++";
				CLANG_ENABLE_MODULES = YES;
				CLANG_ENABLE_OBJC_ARC = YES;
				CLANG_WARN_BOOL_CONVERSION = YES;
				CLANG_WARN_CONSTANT_CONVERSION = YES;
				CLANG_WARN_DIRECT_OBJC_ISA_USAGE = YES_ERROR;
				CLANG_WARN_EMPTY_BODY = YES;
				CLANG_WARN_ENUM_CONVERSION = YES;
				CLANG_WARN_INT_CONVERSION = YES;
				CLANG_WARN_OBJC_ROOT_CLASS = YES_ERROR;
				CLANG_WARN_UNREACHABLE_CODE = YES;
				CLANG_WARN__DUPLICATE_METHOD_MATCH = YES;
				"CODE_SIGN_IDENTITY[sdk=iphoneos*]" = "iPhone Developer";
				COPY_PHASE_STRIP = NO;
				ENABLE_STRICT_OBJC_MSGSEND = YES;
				GCC_C_LANGUAGE_STANDARD = gnu99;
				GCC_DYNAMIC_NO_PIC = NO;
				GCC_OPTIMIZATION_LEVEL = 0;
				GCC_PREPROCESSOR_DEFINITIONS = (
					"DEBUG=1",
					"$(inherited)",
				);
				GCC_SYMBOLS_PRIVATE_EXTERN = NO;
				GCC_WARN_64_TO_32_BIT_CONVERSION = YES;
				GCC_WARN_ABOUT_RETURN_TYPE = YES_ERROR;
				GCC_WARN_UNDECLARED_SELECTOR = YES;
				GCC_WARN_UNINITIALIZED_AUTOS = YES_AGGRESSIVE;
				GCC_WARN_UNUSED_FUNCTION = YES;
				GCC_WARN_UNUSED_VARIABLE = YES;
				IPHONEOS_DEPLOYMENT_TARGET = 8.1;
				MTL_ENABLE_DEBUG_INFO = YES;
				ONLY_ACTIVE_ARCH = YES;
				SDKROOT = iphoneos;
			};
			name = Debug;
		};
		B114F59F1A3EBC5B00A123A9 /* Release */ = {
			isa = XCBuildConfiguration;
			buildSettings = {
				ALWAYS_SEARCH_USER_PATHS = NO;
				CLANG_CXX_LANGUAGE_STANDARD = "gnu++0x";
				CLANG_CXX_LIBRARY = "libc++";
				CLANG_ENABLE_MODULES = YES;
				CLANG_ENABLE_OBJC_ARC = YES;
				CLANG_WARN_BOOL_CONVERSION = YES;
				CLANG_WARN_CONSTANT_CONVERSION = YES;
				CLANG_WARN_DIRECT_OBJC_ISA_USAGE = YES_ERROR;
				CLANG_WARN_EMPTY_BODY = YES;
				CLANG_WARN_ENUM_CONVERSION = YES;
				CLANG_WARN_INT_CONVERSION = YES;
				CLANG_WARN_OBJC_ROOT_CLASS = YES_ERROR;
				CLANG_WARN_UNREACHABLE_CODE = YES;
				CLANG_WARN__DUPLICATE_METHOD_MATCH = YES;
				"CODE_SIGN_IDENTITY[sdk=iphoneos*]" = "iPhone Developer";
				COPY_PHASE_STRIP = YES;
				ENABLE_NS_ASSERTIONS = NO;
				ENABLE_STRICT_OBJC_MSGSEND = YES;
				GCC_C_LANGUAGE_STANDARD = gnu99;
				GCC_WARN_64_TO_32_BIT_CONVERSION = YES;
				GCC_WARN_ABOUT_RETURN_TYPE = YES_ERROR;
				GCC_WARN_UNDECLARED_SELECTOR = YES;
				GCC_WARN_UNINITIALIZED_AUTOS = YES_AGGRESSIVE;
				GCC_WARN_UNUSED_FUNCTION = YES;
				GCC_WARN_UNUSED_VARIABLE = YES;
				IPHONEOS_DEPLOYMENT_TARGET = 8.1;
				MTL_ENABLE_DEBUG_INFO = NO;
				SDKROOT = iphoneos;
				VALIDATE_PRODUCT = YES;
			};
			name = Release;
		};
		B114F5A11A3EBC5B00A123A9 /* Debug */ = {
			isa = XCBuildConfiguration;
			buildSettings = {
				ASSETCATALOG_COMPILER_APPICON_NAME = AppIcon;
				FRAMEWORK_SEARCH_PATHS = (
					"$(inherited)",
					"$(PROJECT_DIR)/smartWatch/ThirdParty",
				);
				INFOPLIST_FILE = smartWatch/Info.plist;
				LD_RUNPATH_SEARCH_PATHS = "$(inherited) @executable_path/Frameworks";
				LIBRARY_SEARCH_PATHS = (
					"$(inherited)",
					"$(PROJECT_DIR)/smartWatch/ThirdParty",
				);
				PRODUCT_NAME = "$(TARGET_NAME)";
			};
			name = Debug;
		};
		B114F5A21A3EBC5B00A123A9 /* Release */ = {
			isa = XCBuildConfiguration;
			buildSettings = {
				ASSETCATALOG_COMPILER_APPICON_NAME = AppIcon;
				FRAMEWORK_SEARCH_PATHS = (
					"$(inherited)",
					"$(PROJECT_DIR)/smartWatch/ThirdParty",
				);
				INFOPLIST_FILE = smartWatch/Info.plist;
				LD_RUNPATH_SEARCH_PATHS = "$(inherited) @executable_path/Frameworks";
				LIBRARY_SEARCH_PATHS = (
					"$(inherited)",
					"$(PROJECT_DIR)/smartWatch/ThirdParty",
				);
				PRODUCT_NAME = "$(TARGET_NAME)";
			};
			name = Release;
		};
		B114F5A41A3EBC5B00A123A9 /* Debug */ = {
			isa = XCBuildConfiguration;
			buildSettings = {
				BUNDLE_LOADER = "$(TEST_HOST)";
				FRAMEWORK_SEARCH_PATHS = (
					"$(SDKROOT)/Developer/Library/Frameworks",
					"$(inherited)",
				);
				GCC_PREPROCESSOR_DEFINITIONS = (
					"DEBUG=1",
					"$(inherited)",
				);
				INFOPLIST_FILE = smartWatchTests/Info.plist;
				LD_RUNPATH_SEARCH_PATHS = "$(inherited) @executable_path/Frameworks @loader_path/Frameworks";
				PRODUCT_NAME = "$(TARGET_NAME)";
				TEST_HOST = "$(BUILT_PRODUCTS_DIR)/smartWatch.app/smartWatch";
			};
			name = Debug;
		};
		B114F5A51A3EBC5B00A123A9 /* Release */ = {
			isa = XCBuildConfiguration;
			buildSettings = {
				BUNDLE_LOADER = "$(TEST_HOST)";
				FRAMEWORK_SEARCH_PATHS = (
					"$(SDKROOT)/Developer/Library/Frameworks",
					"$(inherited)",
				);
				INFOPLIST_FILE = smartWatchTests/Info.plist;
				LD_RUNPATH_SEARCH_PATHS = "$(inherited) @executable_path/Frameworks @loader_path/Frameworks";
				PRODUCT_NAME = "$(TARGET_NAME)";
				TEST_HOST = "$(BUILT_PRODUCTS_DIR)/smartWatch.app/smartWatch";
			};
			name = Release;
		};
/* End XCBuildConfiguration section */

/* Begin XCConfigurationList section */
		B114F5751A3EBC5B00A123A9 /* Build configuration list for PBXProject "smartWatch" */ = {
			isa = XCConfigurationList;
			buildConfigurations = (
				B114F59E1A3EBC5B00A123A9 /* Debug */,
				B114F59F1A3EBC5B00A123A9 /* Release */,
			);
			defaultConfigurationIsVisible = 0;
			defaultConfigurationName = Release;
		};
		B114F5A01A3EBC5B00A123A9 /* Build configuration list for PBXNativeTarget "smartWatch" */ = {
			isa = XCConfigurationList;
			buildConfigurations = (
				B114F5A11A3EBC5B00A123A9 /* Debug */,
				B114F5A21A3EBC5B00A123A9 /* Release */,
			);
			defaultConfigurationIsVisible = 0;
			defaultConfigurationName = Release;
		};
		B114F5A31A3EBC5B00A123A9 /* Build configuration list for PBXNativeTarget "smartWatchTests" */ = {
			isa = XCConfigurationList;
			buildConfigurations = (
				B114F5A41A3EBC5B00A123A9 /* Debug */,
				B114F5A51A3EBC5B00A123A9 /* Release */,
			);
			defaultConfigurationIsVisible = 0;
			defaultConfigurationName = Release;
		};
/* End XCConfigurationList section */
	};
	rootObject = B114F5721A3EBC5B00A123A9 /* Project object */;
}
